// !$*UTF8*$!
{
	archiveVersion = 1;
	classes = {
	};
	objectVersion = 50;
	objects = {

/* Begin PBXBuildFile section */
		6DA3F9B7252D3F6700802417 /* DrawingApp.swift in Sources */ = {isa = PBXBuildFile; fileRef = 6DA3F9B6252D3F6700802417 /* DrawingApp.swift */; };
		6DA3F9B9252D3F6700802417 /* FlowerUIView.swift in Sources */ = {isa = PBXBuildFile; fileRef = 6DA3F9B8252D3F6700802417 /* FlowerUIView.swift */; };
		6DA3F9BB252D3F6900802417 /* Assets.xcassets in Resources */ = {isa = PBXBuildFile; fileRef = 6DA3F9BA252D3F6900802417 /* Assets.xcassets */; };
		6DA3F9BE252D3F6900802417 /* Preview Assets.xcassets in Resources */ = {isa = PBXBuildFile; fileRef = 6DA3F9BD252D3F6900802417 /* Preview Assets.xcassets */; };
		6DA3F9C9252D3F6A00802417 /* DrawingTests.swift in Sources */ = {isa = PBXBuildFile; fileRef = 6DA3F9C8252D3F6A00802417 /* DrawingTests.swift */; };
		6DA3F9D4252D3F6A00802417 /* DrawingUITests.swift in Sources */ = {isa = PBXBuildFile; fileRef = 6DA3F9D3252D3F6A00802417 /* DrawingUITests.swift */; };
		6DA3F9F5252FBA8100802417 /* ColorCyclingUIView.swift in Sources */ = {isa = PBXBuildFile; fileRef = 6DA3F9F4252FBA8100802417 /* ColorCyclingUIView.swift */; };
		6DA3FA092531062F00802417 /* HomeUIView.swift in Sources */ = {isa = PBXBuildFile; fileRef = 6DA3FA082531062F00802417 /* HomeUIView.swift */; };
		6DA3FA12253108A300802417 /* ShapeUIView.swift in Sources */ = {isa = PBXBuildFile; fileRef = 6DA3FA11253108A300802417 /* ShapeUIView.swift */; };
		6DA3FA1D2533A98800802417 /* SpecialEffectsUIView.swift in Sources */ = {isa = PBXBuildFile; fileRef = 6DA3FA1C2533A98800802417 /* SpecialEffectsUIView.swift */; };
		6DA3FA252533AE5500802417 /* ImageEffectsUIView.swift in Sources */ = {isa = PBXBuildFile; fileRef = 6DA3FA242533AE5500802417 /* ImageEffectsUIView.swift */; };
		6DA3FA2D2533B57900802417 /* AnimatableDataUIView.swift in Sources */ = {isa = PBXBuildFile; fileRef = 6DA3FA2C2533B57900802417 /* AnimatableDataUIView.swift */; };
		6DA3FA352533B77200802417 /* AnimatablePairUIView.swift in Sources */ = {isa = PBXBuildFile; fileRef = 6DA3FA342533B77200802417 /* AnimatablePairUIView.swift */; };
/* End PBXBuildFile section */

/* Begin PBXContainerItemProxy section */
		6DA3F9C5252D3F6A00802417 /* PBXContainerItemProxy */ = {
			isa = PBXContainerItemProxy;
			containerPortal = 6DA3F9AB252D3F6700802417 /* Project object */;
			proxyType = 1;
			remoteGlobalIDString = 6DA3F9B2252D3F6700802417;
			remoteInfo = Drawing;
		};
		6DA3F9D0252D3F6A00802417 /* PBXContainerItemProxy */ = {
			isa = PBXContainerItemProxy;
			containerPortal = 6DA3F9AB252D3F6700802417 /* Project object */;
			proxyType = 1;
			remoteGlobalIDString = 6DA3F9B2252D3F6700802417;
			remoteInfo = Drawing;
		};
/* End PBXContainerItemProxy section */

/* Begin PBXFileReference section */
		6DA3F9B3252D3F6700802417 /* Drawing.app */ = {isa = PBXFileReference; explicitFileType = wrapper.application; includeInIndex = 0; path = Drawing.app; sourceTree = BUILT_PRODUCTS_DIR; };
		6DA3F9B6252D3F6700802417 /* DrawingApp.swift */ = {isa = PBXFileReference; lastKnownFileType = sourcecode.swift; path = DrawingApp.swift; sourceTree = "<group>"; };
		6DA3F9B8252D3F6700802417 /* FlowerUIView.swift */ = {isa = PBXFileReference; lastKnownFileType = sourcecode.swift; path = FlowerUIView.swift; sourceTree = "<group>"; };
		6DA3F9BA252D3F6900802417 /* Assets.xcassets */ = {isa = PBXFileReference; lastKnownFileType = folder.assetcatalog; path = Assets.xcassets; sourceTree = "<group>"; };
		6DA3F9BD252D3F6900802417 /* Preview Assets.xcassets */ = {isa = PBXFileReference; lastKnownFileType = folder.assetcatalog; path = "Preview Assets.xcassets"; sourceTree = "<group>"; };
		6DA3F9BF252D3F6900802417 /* Info.plist */ = {isa = PBXFileReference; lastKnownFileType = text.plist.xml; path = Info.plist; sourceTree = "<group>"; };
		6DA3F9C4252D3F6A00802417 /* DrawingTests.xctest */ = {isa = PBXFileReference; explicitFileType = wrapper.cfbundle; includeInIndex = 0; path = DrawingTests.xctest; sourceTree = BUILT_PRODUCTS_DIR; };
		6DA3F9C8252D3F6A00802417 /* DrawingTests.swift */ = {isa = PBXFileReference; lastKnownFileType = sourcecode.swift; path = DrawingTests.swift; sourceTree = "<group>"; };
		6DA3F9CA252D3F6A00802417 /* Info.plist */ = {isa = PBXFileReference; lastKnownFileType = text.plist.xml; path = Info.plist; sourceTree = "<group>"; };
		6DA3F9CF252D3F6A00802417 /* DrawingUITests.xctest */ = {isa = PBXFileReference; explicitFileType = wrapper.cfbundle; includeInIndex = 0; path = DrawingUITests.xctest; sourceTree = BUILT_PRODUCTS_DIR; };
		6DA3F9D3252D3F6A00802417 /* DrawingUITests.swift */ = {isa = PBXFileReference; lastKnownFileType = sourcecode.swift; path = DrawingUITests.swift; sourceTree = "<group>"; };
		6DA3F9D5252D3F6A00802417 /* Info.plist */ = {isa = PBXFileReference; lastKnownFileType = text.plist.xml; path = Info.plist; sourceTree = "<group>"; };
		6DA3F9F4252FBA8100802417 /* ColorCyclingUIView.swift */ = {isa = PBXFileReference; lastKnownFileType = sourcecode.swift; path = ColorCyclingUIView.swift; sourceTree = "<group>"; };
		6DA3FA082531062F00802417 /* HomeUIView.swift */ = {isa = PBXFileReference; lastKnownFileType = sourcecode.swift; path = HomeUIView.swift; sourceTree = "<group>"; };
		6DA3FA10253107B300802417 /* README.md */ = {isa = PBXFileReference; lastKnownFileType = net.daringfireball.markdown; path = README.md; sourceTree = "<group>"; };
		6DA3FA11253108A300802417 /* ShapeUIView.swift */ = {isa = PBXFileReference; lastKnownFileType = sourcecode.swift; path = ShapeUIView.swift; sourceTree = "<group>"; };
		6DA3FA1C2533A98800802417 /* SpecialEffectsUIView.swift */ = {isa = PBXFileReference; lastKnownFileType = sourcecode.swift; path = SpecialEffectsUIView.swift; sourceTree = "<group>"; };
		6DA3FA242533AE5500802417 /* ImageEffectsUIView.swift */ = {isa = PBXFileReference; lastKnownFileType = sourcecode.swift; path = ImageEffectsUIView.swift; sourceTree = "<group>"; };
		6DA3FA2C2533B57900802417 /* AnimatableDataUIView.swift */ = {isa = PBXFileReference; lastKnownFileType = sourcecode.swift; path = AnimatableDataUIView.swift; sourceTree = "<group>"; };
		6DA3FA342533B77200802417 /* AnimatablePairUIView.swift */ = {isa = PBXFileReference; lastKnownFileType = sourcecode.swift; path = AnimatablePairUIView.swift; sourceTree = "<group>"; };
/* End PBXFileReference section */

/* Begin PBXFrameworksBuildPhase section */
		6DA3F9B0252D3F6700802417 /* Frameworks */ = {
			isa = PBXFrameworksBuildPhase;
			buildActionMask = 2147483647;
			files = (
			);
			runOnlyForDeploymentPostprocessing = 0;
		};
		6DA3F9C1252D3F6A00802417 /* Frameworks */ = {
			isa = PBXFrameworksBuildPhase;
			buildActionMask = 2147483647;
			files = (
			);
			runOnlyForDeploymentPostprocessing = 0;
		};
		6DA3F9CC252D3F6A00802417 /* Frameworks */ = {
			isa = PBXFrameworksBuildPhase;
			buildActionMask = 2147483647;
			files = (
			);
			runOnlyForDeploymentPostprocessing = 0;
		};
/* End PBXFrameworksBuildPhase section */

/* Begin PBXGroup section */
		6DA3F9AA252D3F6700802417 = {
			isa = PBXGroup;
			children = (
				6DA3F9B5252D3F6700802417 /* Drawing */,
				6DA3F9C7252D3F6A00802417 /* DrawingTests */,
				6DA3F9D2252D3F6A00802417 /* DrawingUITests */,
				6DA3F9B4252D3F6700802417 /* Products */,
				6DA3FA10253107B300802417 /* README.md */,
			);
			sourceTree = "<group>";
		};
		6DA3F9B4252D3F6700802417 /* Products */ = {
			isa = PBXGroup;
			children = (
				6DA3F9B3252D3F6700802417 /* Drawing.app */,
				6DA3F9C4252D3F6A00802417 /* DrawingTests.xctest */,
				6DA3F9CF252D3F6A00802417 /* DrawingUITests.xctest */,
			);
			name = Products;
			sourceTree = "<group>";
		};
		6DA3F9B5252D3F6700802417 /* Drawing */ = {
			isa = PBXGroup;
			children = (
				6DA3F9B6252D3F6700802417 /* DrawingApp.swift */,
				6DA3FA082531062F00802417 /* HomeUIView.swift */,
				6DA3FA11253108A300802417 /* ShapeUIView.swift */,
				6DA3F9B8252D3F6700802417 /* FlowerUIView.swift */,
				6DA3F9F4252FBA8100802417 /* ColorCyclingUIView.swift */,
				6DA3FA1C2533A98800802417 /* SpecialEffectsUIView.swift */,
				6DA3FA242533AE5500802417 /* ImageEffectsUIView.swift */,
				6DA3FA2C2533B57900802417 /* AnimatableDataUIView.swift */,
				6DA3FA342533B77200802417 /* AnimatablePairUIView.swift */,
				6DA3F9BA252D3F6900802417 /* Assets.xcassets */,
				6DA3F9BF252D3F6900802417 /* Info.plist */,
				6DA3F9BC252D3F6900802417 /* Preview Content */,
			);
			path = Drawing;
			sourceTree = "<group>";
		};
		6DA3F9BC252D3F6900802417 /* Preview Content */ = {
			isa = PBXGroup;
			children = (
				6DA3F9BD252D3F6900802417 /* Preview Assets.xcassets */,
			);
			path = "Preview Content";
			sourceTree = "<group>";
		};
		6DA3F9C7252D3F6A00802417 /* DrawingTests */ = {
			isa = PBXGroup;
			children = (
				6DA3F9C8252D3F6A00802417 /* DrawingTests.swift */,
				6DA3F9CA252D3F6A00802417 /* Info.plist */,
			);
			path = DrawingTests;
			sourceTree = "<group>";
		};
		6DA3F9D2252D3F6A00802417 /* DrawingUITests */ = {
			isa = PBXGroup;
			children = (
				6DA3F9D3252D3F6A00802417 /* DrawingUITests.swift */,
				6DA3F9D5252D3F6A00802417 /* Info.plist */,
			);
			path = DrawingUITests;
			sourceTree = "<group>";
		};
/* End PBXGroup section */

/* Begin PBXNativeTarget section */
		6DA3F9B2252D3F6700802417 /* Drawing */ = {
			isa = PBXNativeTarget;
			buildConfigurationList = 6DA3F9D8252D3F6A00802417 /* Build configuration list for PBXNativeTarget "Drawing" */;
			buildPhases = (
				6DA3F9AF252D3F6700802417 /* Sources */,
				6DA3F9B0252D3F6700802417 /* Frameworks */,
				6DA3F9B1252D3F6700802417 /* Resources */,
			);
			buildRules = (
			);
			dependencies = (
			);
			name = Drawing;
			productName = Drawing;
			productReference = 6DA3F9B3252D3F6700802417 /* Drawing.app */;
			productType = "com.apple.product-type.application";
		};
		6DA3F9C3252D3F6A00802417 /* DrawingTests */ = {
			isa = PBXNativeTarget;
			buildConfigurationList = 6DA3F9DB252D3F6A00802417 /* Build configuration list for PBXNativeTarget "DrawingTests" */;
			buildPhases = (
				6DA3F9C0252D3F6A00802417 /* Sources */,
				6DA3F9C1252D3F6A00802417 /* Frameworks */,
				6DA3F9C2252D3F6A00802417 /* Resources */,
			);
			buildRules = (
			);
			dependencies = (
				6DA3F9C6252D3F6A00802417 /* PBXTargetDependency */,
			);
			name = DrawingTests;
			productName = DrawingTests;
			productReference = 6DA3F9C4252D3F6A00802417 /* DrawingTests.xctest */;
			productType = "com.apple.product-type.bundle.unit-test";
		};
		6DA3F9CE252D3F6A00802417 /* DrawingUITests */ = {
			isa = PBXNativeTarget;
			buildConfigurationList = 6DA3F9DE252D3F6A00802417 /* Build configuration list for PBXNativeTarget "DrawingUITests" */;
			buildPhases = (
				6DA3F9CB252D3F6A00802417 /* Sources */,
				6DA3F9CC252D3F6A00802417 /* Frameworks */,
				6DA3F9CD252D3F6A00802417 /* Resources */,
			);
			buildRules = (
			);
			dependencies = (
				6DA3F9D1252D3F6A00802417 /* PBXTargetDependency */,
			);
			name = DrawingUITests;
			productName = DrawingUITests;
			productReference = 6DA3F9CF252D3F6A00802417 /* DrawingUITests.xctest */;
			productType = "com.apple.product-type.bundle.ui-testing";
		};
/* End PBXNativeTarget section */

/* Begin PBXProject section */
		6DA3F9AB252D3F6700802417 /* Project object */ = {
			isa = PBXProject;
			attributes = {
				LastSwiftUpdateCheck = 1200;
				LastUpgradeCheck = 1200;
				TargetAttributes = {
					6DA3F9B2252D3F6700802417 = {
						CreatedOnToolsVersion = 12.0.1;
					};
					6DA3F9C3252D3F6A00802417 = {
						CreatedOnToolsVersion = 12.0.1;
						TestTargetID = 6DA3F9B2252D3F6700802417;
					};
					6DA3F9CE252D3F6A00802417 = {
						CreatedOnToolsVersion = 12.0.1;
						TestTargetID = 6DA3F9B2252D3F6700802417;
					};
				};
			};
			buildConfigurationList = 6DA3F9AE252D3F6700802417 /* Build configuration list for PBXProject "Drawing" */;
			compatibilityVersion = "Xcode 9.3";
			developmentRegion = en;
			hasScannedForEncodings = 0;
			knownRegions = (
				en,
				Base,
			);
			mainGroup = 6DA3F9AA252D3F6700802417;
			productRefGroup = 6DA3F9B4252D3F6700802417 /* Products */;
			projectDirPath = "";
			projectRoot = "";
			targets = (
				6DA3F9B2252D3F6700802417 /* Drawing */,
				6DA3F9C3252D3F6A00802417 /* DrawingTests */,
				6DA3F9CE252D3F6A00802417 /* DrawingUITests */,
			);
		};
/* End PBXProject section */

/* Begin PBXResourcesBuildPhase section */
		6DA3F9B1252D3F6700802417 /* Resources */ = {
			isa = PBXResourcesBuildPhase;
			buildActionMask = 2147483647;
			files = (
				6DA3F9BE252D3F6900802417 /* Preview Assets.xcassets in Resources */,
				6DA3F9BB252D3F6900802417 /* Assets.xcassets in Resources */,
			);
			runOnlyForDeploymentPostprocessing = 0;
		};
		6DA3F9C2252D3F6A00802417 /* Resources */ = {
			isa = PBXResourcesBuildPhase;
			buildActionMask = 2147483647;
			files = (
			);
			runOnlyForDeploymentPostprocessing = 0;
		};
		6DA3F9CD252D3F6A00802417 /* Resources */ = {
			isa = PBXResourcesBuildPhase;
			buildActionMask = 2147483647;
			files = (
			);
			runOnlyForDeploymentPostprocessing = 0;
		};
/* End PBXResourcesBuildPhase section */

/* Begin PBXSourcesBuildPhase section */
		6DA3F9AF252D3F6700802417 /* Sources */ = {
			isa = PBXSourcesBuildPhase;
			buildActionMask = 2147483647;
			files = (
				6DA3F9B9252D3F6700802417 /* FlowerUIView.swift in Sources */,
				6DA3FA092531062F00802417 /* HomeUIView.swift in Sources */,
				6DA3FA352533B77200802417 /* AnimatablePairUIView.swift in Sources */,
				6DA3FA252533AE5500802417 /* ImageEffectsUIView.swift in Sources */,
				6DA3FA12253108A300802417 /* ShapeUIView.swift in Sources */,
				6DA3F9B7252D3F6700802417 /* DrawingApp.swift in Sources */,
				6DA3F9F5252FBA8100802417 /* ColorCyclingUIView.swift in Sources */,
				6DA3FA2D2533B57900802417 /* AnimatableDataUIView.swift in Sources */,
				6DA3FA1D2533A98800802417 /* SpecialEffectsUIView.swift in Sources */,
			);
			runOnlyForDeploymentPostprocessing = 0;
		};
		6DA3F9C0252D3F6A00802417 /* Sources */ = {
			isa = PBXSourcesBuildPhase;
			buildActionMask = 2147483647;
			files = (
				6DA3F9C9252D3F6A00802417 /* DrawingTests.swift in Sources */,
			);
			runOnlyForDeploymentPostprocessing = 0;
		};
		6DA3F9CB252D3F6A00802417 /* Sources */ = {
			isa = PBXSourcesBuildPhase;
			buildActionMask = 2147483647;
			files = (
				6DA3F9D4252D3F6A00802417 /* DrawingUITests.swift in Sources */,
			);
			runOnlyForDeploymentPostprocessing = 0;
		};
/* End PBXSourcesBuildPhase section */

/* Begin PBXTargetDependency section */
		6DA3F9C6252D3F6A00802417 /* PBXTargetDependency */ = {
			isa = PBXTargetDependency;
			target = 6DA3F9B2252D3F6700802417 /* Drawing */;
			targetProxy = 6DA3F9C5252D3F6A00802417 /* PBXContainerItemProxy */;
		};
		6DA3F9D1252D3F6A00802417 /* PBXTargetDependency */ = {
			isa = PBXTargetDependency;
			target = 6DA3F9B2252D3F6700802417 /* Drawing */;
			targetProxy = 6DA3F9D0252D3F6A00802417 /* PBXContainerItemProxy */;
		};
/* End PBXTargetDependency section */

/* Begin XCBuildConfiguration section */
		6DA3F9D6252D3F6A00802417 /* Debug */ = {
			isa = XCBuildConfiguration;
			buildSettings = {
				ALWAYS_SEARCH_USER_PATHS = NO;
				CLANG_ANALYZER_NONNULL = YES;
				CLANG_ANALYZER_NUMBER_OBJECT_CONVERSION = YES_AGGRESSIVE;
				CLANG_CXX_LANGUAGE_STANDARD = "gnu++14";
				CLANG_CXX_LIBRARY = "libc++";
				CLANG_ENABLE_MODULES = YES;
				CLANG_ENABLE_OBJC_ARC = YES;
				CLANG_ENABLE_OBJC_WEAK = YES;
				CLANG_WARN_BLOCK_CAPTURE_AUTORELEASING = YES;
				CLANG_WARN_BOOL_CONVERSION = YES;
				CLANG_WARN_COMMA = YES;
				CLANG_WARN_CONSTANT_CONVERSION = YES;
				CLANG_WARN_DEPRECATED_OBJC_IMPLEMENTATIONS = YES;
				CLANG_WARN_DIRECT_OBJC_ISA_USAGE = YES_ERROR;
				CLANG_WARN_DOCUMENTATION_COMMENTS = YES;
				CLANG_WARN_EMPTY_BODY = YES;
				CLANG_WARN_ENUM_CONVERSION = YES;
				CLANG_WARN_INFINITE_RECURSION = YES;
				CLANG_WARN_INT_CONVERSION = YES;
				CLANG_WARN_NON_LITERAL_NULL_CONVERSION = YES;
				CLANG_WARN_OBJC_IMPLICIT_RETAIN_SELF = YES;
				CLANG_WARN_OBJC_LITERAL_CONVERSION = YES;
				CLANG_WARN_OBJC_ROOT_CLASS = YES_ERROR;
				CLANG_WARN_QUOTED_INCLUDE_IN_FRAMEWORK_HEADER = YES;
				CLANG_WARN_RANGE_LOOP_ANALYSIS = YES;
				CLANG_WARN_STRICT_PROTOTYPES = YES;
				CLANG_WARN_SUSPICIOUS_MOVE = YES;
				CLANG_WARN_UNGUARDED_AVAILABILITY = YES_AGGRESSIVE;
				CLANG_WARN_UNREACHABLE_CODE = YES;
				CLANG_WARN__DUPLICATE_METHOD_MATCH = YES;
				COPY_PHASE_STRIP = NO;
				DEBUG_INFORMATION_FORMAT = dwarf;
				ENABLE_STRICT_OBJC_MSGSEND = YES;
				ENABLE_TESTABILITY = YES;
				GCC_C_LANGUAGE_STANDARD = gnu11;
				GCC_DYNAMIC_NO_PIC = NO;
				GCC_NO_COMMON_BLOCKS = YES;
				GCC_OPTIMIZATION_LEVEL = 0;
				GCC_PREPROCESSOR_DEFINITIONS = (
					"DEBUG=1",
					"$(inherited)",
				);
				GCC_WARN_64_TO_32_BIT_CONVERSION = YES;
				GCC_WARN_ABOUT_RETURN_TYPE = YES_ERROR;
				GCC_WARN_UNDECLARED_SELECTOR = YES;
				GCC_WARN_UNINITIALIZED_AUTOS = YES_AGGRESSIVE;
				GCC_WARN_UNUSED_FUNCTION = YES;
				GCC_WARN_UNUSED_VARIABLE = YES;
				IPHONEOS_DEPLOYMENT_TARGET = 14.0;
				MTL_ENABLE_DEBUG_INFO = INCLUDE_SOURCE;
				MTL_FAST_MATH = YES;
				ONLY_ACTIVE_ARCH = YES;
				SDKROOT = iphoneos;
				SWIFT_ACTIVE_COMPILATION_CONDITIONS = DEBUG;
				SWIFT_OPTIMIZATION_LEVEL = "-Onone";
			};
			name = Debug;
		};
		6DA3F9D7252D3F6A00802417 /* Release */ = {
			isa = XCBuildConfiguration;
			buildSettings = {
				ALWAYS_SEARCH_USER_PATHS = NO;
				CLANG_ANALYZER_NONNULL = YES;
				CLANG_ANALYZER_NUMBER_OBJECT_CONVERSION = YES_AGGRESSIVE;
				CLANG_CXX_LANGUAGE_STANDARD = "gnu++14";
				CLANG_CXX_LIBRARY = "libc++";
				CLANG_ENABLE_MODULES = YES;
				CLANG_ENABLE_OBJC_ARC = YES;
				CLANG_ENABLE_OBJC_WEAK = YES;
				CLANG_WARN_BLOCK_CAPTURE_AUTORELEASING = YES;
				CLANG_WARN_BOOL_CONVERSION = YES;
				CLANG_WARN_COMMA = YES;
				CLANG_WARN_CONSTANT_CONVERSION = YES;
				CLANG_WARN_DEPRECATED_OBJC_IMPLEMENTATIONS = YES;
				CLANG_WARN_DIRECT_OBJC_ISA_USAGE = YES_ERROR;
				CLANG_WARN_DOCUMENTATION_COMMENTS = YES;
				CLANG_WARN_EMPTY_BODY = YES;
				CLANG_WARN_ENUM_CONVERSION = YES;
				CLANG_WARN_INFINITE_RECURSION = YES;
				CLANG_WARN_INT_CONVERSION = YES;
				CLANG_WARN_NON_LITERAL_NULL_CONVERSION = YES;
				CLANG_WARN_OBJC_IMPLICIT_RETAIN_SELF = YES;
				CLANG_WARN_OBJC_LITERAL_CONVERSION = YES;
				CLANG_WARN_OBJC_ROOT_CLASS = YES_ERROR;
				CLANG_WARN_QUOTED_INCLUDE_IN_FRAMEWORK_HEADER = YES;
				CLANG_WARN_RANGE_LOOP_ANALYSIS = YES;
				CLANG_WARN_STRICT_PROTOTYPES = YES;
				CLANG_WARN_SUSPICIOUS_MOVE = YES;
				CLANG_WARN_UNGUARDED_AVAILABILITY = YES_AGGRESSIVE;
				CLANG_WARN_UNREACHABLE_CODE = YES;
				CLANG_WARN__DUPLICATE_METHOD_MATCH = YES;
				COPY_PHASE_STRIP = NO;
				DEBUG_INFORMATION_FORMAT = "dwarf-with-dsym";
				ENABLE_NS_ASSERTIONS = NO;
				ENABLE_STRICT_OBJC_MSGSEND = YES;
				GCC_C_LANGUAGE_STANDARD = gnu11;
				GCC_NO_COMMON_BLOCKS = YES;
				GCC_WARN_64_TO_32_BIT_CONVERSION = YES;
				GCC_WARN_ABOUT_RETURN_TYPE = YES_ERROR;
				GCC_WARN_UNDECLARED_SELECTOR = YES;
				GCC_WARN_UNINITIALIZED_AUTOS = YES_AGGRESSIVE;
				GCC_WARN_UNUSED_FUNCTION = YES;
				GCC_WARN_UNUSED_VARIABLE = YES;
				IPHONEOS_DEPLOYMENT_TARGET = 14.0;
				MTL_ENABLE_DEBUG_INFO = NO;
				MTL_FAST_MATH = YES;
				SDKROOT = iphoneos;
				SWIFT_COMPILATION_MODE = wholemodule;
				SWIFT_OPTIMIZATION_LEVEL = "-O";
				VALIDATE_PRODUCT = YES;
			};
			name = Release;
		};
		6DA3F9D9252D3F6A00802417 /* Debug */ = {
			isa = XCBuildConfiguration;
			buildSettings = {
				ASSETCATALOG_COMPILER_APPICON_NAME = AppIcon;
				ASSETCATALOG_COMPILER_GLOBAL_ACCENT_COLOR_NAME = AccentColor;
				CODE_SIGN_STYLE = Automatic;
				DEVELOPMENT_ASSET_PATHS = "\"Drawing/Preview Content\"";
				ENABLE_PREVIEWS = YES;
				INFOPLIST_FILE = Drawing/Info.plist;
				IPHONEOS_DEPLOYMENT_TARGET = 14.0;
				LD_RUNPATH_SEARCH_PATHS = (
					"$(inherited)",
					"@executable_path/Frameworks",
				);
				PRODUCT_BUNDLE_IDENTIFIER = com.rafaelcalunga.Drawing;
				PRODUCT_NAME = "$(TARGET_NAME)";
				SWIFT_VERSION = 5.0;
				TARGETED_DEVICE_FAMILY = "1,2";
			};
			name = Debug;
		};
		6DA3F9DA252D3F6A00802417 /* Release */ = {
			isa = XCBuildConfiguration;
			buildSettings = {
				ASSETCATALOG_COMPILER_APPICON_NAME = AppIcon;
				ASSETCATALOG_COMPILER_GLOBAL_ACCENT_COLOR_NAME = AccentColor;
				CODE_SIGN_STYLE = Automatic;
				DEVELOPMENT_ASSET_PATHS = "\"Drawing/Preview Content\"";
				ENABLE_PREVIEWS = YES;
				INFOPLIST_FILE = Drawing/Info.plist;
				IPHONEOS_DEPLOYMENT_TARGET = 14.0;
				LD_RUNPATH_SEARCH_PATHS = (
					"$(inherited)",
					"@executable_path/Frameworks",
				);
				PRODUCT_BUNDLE_IDENTIFIER = com.rafaelcalunga.Drawing;
				PRODUCT_NAME = "$(TARGET_NAME)";
				SWIFT_VERSION = 5.0;
				TARGETED_DEVICE_FAMILY = "1,2";
			};
			name = Release;
		};
		6DA3F9DC252D3F6A00802417 /* Debug */ = {
			isa = XCBuildConfiguration;
			buildSettings = {
				ALWAYS_EMBED_SWIFT_STANDARD_LIBRARIES = YES;
				BUNDLE_LOADER = "$(TEST_HOST)";
				CODE_SIGN_STYLE = Automatic;
				INFOPLIST_FILE = DrawingTests/Info.plist;
				IPHONEOS_DEPLOYMENT_TARGET = 14.0;
				LD_RUNPATH_SEARCH_PATHS = (
					"$(inherited)",
					"@executable_path/Frameworks",
					"@loader_path/Frameworks",
				);
				PRODUCT_BUNDLE_IDENTIFIER = com.rafaelcalunga.DrawingTests;
				PRODUCT_NAME = "$(TARGET_NAME)";
				SWIFT_VERSION = 5.0;
				TARGETED_DEVICE_FAMILY = "1,2";
				TEST_HOST = "$(BUILT_PRODUCTS_DIR)/Drawing.app/Drawing";
			};
			name = Debug;
		};
		6DA3F9DD252D3F6A00802417 /* Release */ = {
			isa = XCBuildConfiguration;
			buildSettings = {
				ALWAYS_EMBED_SWIFT_STANDARD_LIBRARIES = YES;
				BUNDLE_LOADER = "$(TEST_HOST)";
				CODE_SIGN_STYLE = Automatic;
				INFOPLIST_FILE = DrawingTests/Info.plist;
				IPHONEOS_DEPLOYMENT_TARGET = 14.0;
				LD_RUNPATH_SEARCH_PATHS = (
					"$(inherited)",
					"@executable_path/Frameworks",
					"@loader_path/Frameworks",
				);
				PRODUCT_BUNDLE_IDENTIFIER = com.rafaelcalunga.DrawingTests;
				PRODUCT_NAME = "$(TARGET_NAME)";
				SWIFT_VERSION = 5.0;
				TARGETED_DEVICE_FAMILY = "1,2";
				TEST_HOST = "$(BUILT_PRODUCTS_DIR)/Drawing.app/Drawing";
			};
			name = Release;
		};
		6DA3F9DF252D3F6A00802417 /* Debug */ = {
			isa = XCBuildConfiguration;
			buildSettings = {
				ALWAYS_EMBED_SWIFT_STANDARD_LIBRARIES = YES;
				CODE_SIGN_STYLE = Automatic;
				INFOPLIST_FILE = DrawingUITests/Info.plist;
				LD_RUNPATH_SEARCH_PATHS = (
					"$(inherited)",
					"@executable_path/Frameworks",
					"@loader_path/Frameworks",
				);
				PRODUCT_BUNDLE_IDENTIFIER = com.rafaelcalunga.DrawingUITests;
				PRODUCT_NAME = "$(TARGET_NAME)";
				SWIFT_VERSION = 5.0;
				TARGETED_DEVICE_FAMILY = "1,2";
				TEST_TARGET_NAME = Drawing;
			};
			name = Debug;
		};
		6DA3F9E0252D3F6A00802417 /* Release */ = {
			isa = XCBuildConfiguration;
			buildSettings = {
				ALWAYS_EMBED_SWIFT_STANDARD_LIBRARIES = YES;
				CODE_SIGN_STYLE = Automatic;
				INFOPLIST_FILE = DrawingUITests/Info.plist;
				LD_RUNPATH_SEARCH_PATHS = (
					"$(inherited)",
					"@executable_path/Frameworks",
					"@loader_path/Frameworks",
				);
				PRODUCT_BUNDLE_IDENTIFIER = com.rafaelcalunga.DrawingUITests;
				PRODUCT_NAME = "$(TARGET_NAME)";
				SWIFT_VERSION = 5.0;
				TARGETED_DEVICE_FAMILY = "1,2";
				TEST_TARGET_NAME = Drawing;
			};
			name = Release;
		};
/* End XCBuildConfiguration section */

/* Begin XCConfigurationList section */
		6DA3F9AE252D3F6700802417 /* Build configuration list for PBXProject "Drawing" */ = {
			isa = XCConfigurationList;
			buildConfigurations = (
				6DA3F9D6252D3F6A00802417 /* Debug */,
				6DA3F9D7252D3F6A00802417 /* Release */,
			);
			defaultConfigurationIsVisible = 0;
			defaultConfigurationName = Release;
		};
		6DA3F9D8252D3F6A00802417 /* Build configuration list for PBXNativeTarget "Drawing" */ = {
			isa = XCConfigurationList;
			buildConfigurations = (
				6DA3F9D9252D3F6A00802417 /* Debug */,
				6DA3F9DA252D3F6A00802417 /* Release */,
			);
			defaultConfigurationIsVisible = 0;
			defaultConfigurationName = Release;
		};
		6DA3F9DB252D3F6A00802417 /* Build configuration list for PBXNativeTarget "DrawingTests" */ = {
			isa = XCConfigurationList;
			buildConfigurations = (
				6DA3F9DC252D3F6A00802417 /* Debug */,
				6DA3F9DD252D3F6A00802417 /* Release */,
			);
			defaultConfigurationIsVisible = 0;
			defaultConfigurationName = Release;
		};
		6DA3F9DE252D3F6A00802417 /* Build configuration list for PBXNativeTarget "DrawingUITests" */ = {
			isa = XCConfigurationList;
			buildConfigurations = (
				6DA3F9DF252D3F6A00802417 /* Debug */,
				6DA3F9E0252D3F6A00802417 /* Release */,
			);
			defaultConfigurationIsVisible = 0;
			defaultConfigurationName = Release;
		};
/* End XCConfigurationList section */
	};
	rootObject = 6DA3F9AB252D3F6700802417 /* Project object */;
}
